
Microsoft Visual Studio Solution File, Format Version 12.00
# Visual Studio Version 17
VisualStudioVersion = 17.4.33213.308
MinimumVisualStudioVersion = 10.0.40219.1
Project("{FAE04EC0-301F-11D3-BF4B-00C04F79EFBC}") = "WindowsFormsApp_Paint", "WindowsFormsApp4\WindowsFormsApp_Paint.csproj", "{47551B5A-0EB3-4941-B702-7B84B2739946}"
EndProject
Global
	GlobalSection(SolutionConfigurationPlatforms) = preSolution
		Debug|Any CPU = Debug|Any CPU
		Release|Any CPU = Release|Any CPU
	EndGlobalSection
	GlobalSection(ProjectConfigurationPlatforms) = postSolution
		{47551B5A-0EB3-4941-B702-7B84B2739946}.Debug|Any CPU.ActiveCfg = Debug|Any CPU
		{47551B5A-0EB3-4941-B702-7B84B2739946}.Debug|Any CPU.Build.0 = Debug|Any CPU
		{47551B5A-0EB3-4941-B702-7B84B2739946}.Release|Any CPU.ActiveCfg = Release|Any CPU
		{47551B5A-0EB3-4941-B702-7B84B2739946}.Release|Any CPU.Build.0 = Release|Any CPU
	EndGlobalSection
	GlobalSection(SolutionProperties) = preSolution
		HideSolutionNode = FALSE
	EndGlobalSection
	GlobalSection(ExtensibilityGlobals) = postSolution
		SolutionGuid = {3F46B0E5-B980-4DF6-8D68-DC9232B711A1}
	EndGlobalSection
EndGlobal
